
Microsoft Visual Studio Solution File, Format Version 12.00
# Visual Studio Version 16
VisualStudioVersion = 16.0.29519.181
MinimumVisualStudioVersion = 10.0.40219.1
Project("{FAE04EC0-301F-11D3-BF4B-00C04F79EFBC}") = "Branchus", "Branchus.csproj", "{32F5D573-500B-4BE7-8AA3-0A6423F90AE0}"
EndProject
Global
	GlobalSection(SolutionConfigurationPlatforms) = preSolution
		Debug|Any CPU = Debug|Any CPU
		Release|Any CPU = Release|Any CPU
	EndGlobalSection
	GlobalSection(ProjectConfigurationPlatforms) = postSolution
		{32F5D573-500B-4BE7-8AA3-0A6423F90AE0}.Debug|Any CPU.ActiveCfg = Debug|Any CPU
		{32F5D573-500B-4BE7-8AA3-0A6423F90AE0}.Debug|Any CPU.Build.0 = Debug|Any CPU
		{32F5D573-500B-4BE7-8AA3-0A6423F90AE0}.Release|Any CPU.ActiveCfg = Release|Any CPU
		{32F5D573-500B-4BE7-8AA3-0A6423F90AE0}.Release|Any CPU.Build.0 = Release|Any CPU
	EndGlobalSection
	GlobalSection(SolutionProperties) = preSolution
		HideSolutionNode = FALSE
	EndGlobalSection
	GlobalSection(ExtensibilityGlobals) = postSolution
		SolutionGuid = {6B80855B-BD09-437F-8792-D103D27E904D}
	EndGlobalSection
EndGlobal
